
Microsoft Visual Studio Solution File, Format Version 12.00
# Visual Studio 14
VisualStudioVersion = 14.0.24720.0
MinimumVisualStudioVersion = 10.0.40219.1
Project("{FAE04EC0-301F-11D3-BF4B-00C04F79EFBC}") = "Gladiator", "Project Files\Gladiator\Gladiator.csproj", "{1184DBA8-513A-49A7-BAC7-EF6D2EE2DC97}"
EndProject
Project("{FAE04EC0-301F-11D3-BF4B-00C04F79EFBC}") = "GladiatorContent", "Project Files\GladiatorContent\GladiatorContent.contentproj", "{A7E0707A-50DE-4ADB-A6BD-58B8963BF229}"
EndProject
Global
	GlobalSection(SolutionConfigurationPlatforms) = preSolution
		Debug|x86 = Debug|x86
		Release|x86 = Release|x86
	EndGlobalSection
	GlobalSection(ProjectConfigurationPlatforms) = postSolution
		{1184DBA8-513A-49A7-BAC7-EF6D2EE2DC97}.Debug|x86.ActiveCfg = Debug|x86
		{1184DBA8-513A-49A7-BAC7-EF6D2EE2DC97}.Debug|x86.Build.0 = Debug|x86
		{1184DBA8-513A-49A7-BAC7-EF6D2EE2DC97}.Release|x86.ActiveCfg = Release|x86
		{1184DBA8-513A-49A7-BAC7-EF6D2EE2DC97}.Release|x86.Build.0 = Release|x86
		{A7E0707A-50DE-4ADB-A6BD-58B8963BF229}.Debug|x86.ActiveCfg = Debug|x86
		{A7E0707A-50DE-4ADB-A6BD-58B8963BF229}.Release|x86.ActiveCfg = Release|x86
	EndGlobalSection
	GlobalSection(SolutionProperties) = preSolution
		HideSolutionNode = FALSE
	EndGlobalSection
EndGlobal
